
Microsoft Visual Studio Solution File, Format Version 12.00
Project("{2150E333-8FDC-42A3-9474-1A3956D46DE8}") = "Api", "Api", "{AF0D7D2D-55D1-4663-88B1-14551CB27DAD}"
EndProject
Project("{FAE04EC0-301F-11D3-BF4B-00C04F79EFBC}") = "OrderAPI", "Api\OrderAPI\OrderAPI.csproj", "{5C401086-79CC-44BC-AE34-C4E6EDC7AE80}"
EndProject
Project("{FAE04EC0-301F-11D3-BF4B-00C04F79EFBC}") = "PaymentAPI", "Api\PaymentAPI\PaymentAPI.csproj", "{F1F7F9FE-13B4-481A-AB58-837BA0B59EC9}"
EndProject
Project("{FAE04EC0-301F-11D3-BF4B-00C04F79EFBC}") = "StockAPI", "Api\StockAPI\StockAPI.csproj", "{89A6C0CA-5846-4DB4-BA5A-81E6BF279D41}"
EndProject
Project("{2150E333-8FDC-42A3-9474-1A3956D46DE8}") = "WorkerService", "WorkerService", "{E2F20A90-9FD2-4948-8331-023552A9C978}"
EndProject
Project("{FAE04EC0-301F-11D3-BF4B-00C04F79EFBC}") = "StateMachineWorkerService", "WorkerService\StateMachineWorkerService\StateMachineWorkerService.csproj", "{30D01D97-A8E0-45F7-9EAC-F4988184E3D0}"
EndProject
Global
	GlobalSection(SolutionConfigurationPlatforms) = preSolution
		Debug|Any CPU = Debug|Any CPU
		Release|Any CPU = Release|Any CPU
	EndGlobalSection
	GlobalSection(ProjectConfigurationPlatforms) = postSolution
		{5C401086-79CC-44BC-AE34-C4E6EDC7AE80}.Debug|Any CPU.ActiveCfg = Debug|Any CPU
		{5C401086-79CC-44BC-AE34-C4E6EDC7AE80}.Debug|Any CPU.Build.0 = Debug|Any CPU
		{5C401086-79CC-44BC-AE34-C4E6EDC7AE80}.Release|Any CPU.ActiveCfg = Release|Any CPU
		{5C401086-79CC-44BC-AE34-C4E6EDC7AE80}.Release|Any CPU.Build.0 = Release|Any CPU
		{F1F7F9FE-13B4-481A-AB58-837BA0B59EC9}.Debug|Any CPU.ActiveCfg = Debug|Any CPU
		{F1F7F9FE-13B4-481A-AB58-837BA0B59EC9}.Debug|Any CPU.Build.0 = Debug|Any CPU
		{F1F7F9FE-13B4-481A-AB58-837BA0B59EC9}.Release|Any CPU.ActiveCfg = Release|Any CPU
		{F1F7F9FE-13B4-481A-AB58-837BA0B59EC9}.Release|Any CPU.Build.0 = Release|Any CPU
		{89A6C0CA-5846-4DB4-BA5A-81E6BF279D41}.Debug|Any CPU.ActiveCfg = Debug|Any CPU
		{89A6C0CA-5846-4DB4-BA5A-81E6BF279D41}.Debug|Any CPU.Build.0 = Debug|Any CPU
		{89A6C0CA-5846-4DB4-BA5A-81E6BF279D41}.Release|Any CPU.ActiveCfg = Release|Any CPU
		{89A6C0CA-5846-4DB4-BA5A-81E6BF279D41}.Release|Any CPU.Build.0 = Release|Any CPU
		{30D01D97-A8E0-45F7-9EAC-F4988184E3D0}.Debug|Any CPU.ActiveCfg = Debug|Any CPU
		{30D01D97-A8E0-45F7-9EAC-F4988184E3D0}.Debug|Any CPU.Build.0 = Debug|Any CPU
		{30D01D97-A8E0-45F7-9EAC-F4988184E3D0}.Release|Any CPU.ActiveCfg = Release|Any CPU
		{30D01D97-A8E0-45F7-9EAC-F4988184E3D0}.Release|Any CPU.Build.0 = Release|Any CPU
	EndGlobalSection
	GlobalSection(NestedProjects) = preSolution
		{5C401086-79CC-44BC-AE34-C4E6EDC7AE80} = {AF0D7D2D-55D1-4663-88B1-14551CB27DAD}
		{F1F7F9FE-13B4-481A-AB58-837BA0B59EC9} = {AF0D7D2D-55D1-4663-88B1-14551CB27DAD}
		{89A6C0CA-5846-4DB4-BA5A-81E6BF279D41} = {AF0D7D2D-55D1-4663-88B1-14551CB27DAD}
		{30D01D97-A8E0-45F7-9EAC-F4988184E3D0} = {E2F20A90-9FD2-4948-8331-023552A9C978}
	EndGlobalSection
EndGlobal
